
Microsoft Visual Studio Solution File, Format Version 12.00
# Visual Studio 15
VisualStudioVersion = 15.0.26730.16
MinimumVisualStudioVersion = 10.0.40219.1
Project("{FAE04EC0-301F-11D3-BF4B-00C04F79EFBC}") = "GameSnipeWebsite", "GameSnipeWebsite\GameSnipeWebsite.csproj", "{312CFFBB-2638-4FA0-9B1E-2863CDE6554E}"
EndProject
Global
	GlobalSection(SolutionConfigurationPlatforms) = preSolution
		Debug|Any CPU = Debug|Any CPU
		Release|Any CPU = Release|Any CPU
	EndGlobalSection
	GlobalSection(ProjectConfigurationPlatforms) = postSolution
		{312CFFBB-2638-4FA0-9B1E-2863CDE6554E}.Debug|Any CPU.ActiveCfg = Debug|Any CPU
		{312CFFBB-2638-4FA0-9B1E-2863CDE6554E}.Debug|Any CPU.Build.0 = Debug|Any CPU
		{312CFFBB-2638-4FA0-9B1E-2863CDE6554E}.Release|Any CPU.ActiveCfg = Release|Any CPU
		{312CFFBB-2638-4FA0-9B1E-2863CDE6554E}.Release|Any CPU.Build.0 = Release|Any CPU
	EndGlobalSection
	GlobalSection(SolutionProperties) = preSolution
		HideSolutionNode = FALSE
	EndGlobalSection
	GlobalSection(ExtensibilityGlobals) = postSolution
		SolutionGuid = {6825E780-05B1-4CAC-A4EC-180AE45D99D0}
	EndGlobalSection
EndGlobal
